// !$*UTF8*$!
{
	archiveVersion = 1;
	classes = {
	};
	objectVersion = 46;
	objects = {

/* Begin PBXBuildFile section */
		47AA4D3A19F536AD007C3961 /* main.m in Sources */ = {isa = PBXBuildFile; fileRef = 47AA4D3919F536AD007C3961 /* main.m */; };
		47AA4D3D19F536AD007C3961 /* AppDelegate.m in Sources */ = {isa = PBXBuildFile; fileRef = 47AA4D3C19F536AD007C3961 /* AppDelegate.m */; };
		47AA4D3F19F536AD007C3961 /* Images.xcassets in Resources */ = {isa = PBXBuildFile; fileRef = 47AA4D3E19F536AD007C3961 /* Images.xcassets */; };
		47AA4D4219F536AD007C3961 /* MainMenu.xib in Resources */ = {isa = PBXBuildFile; fileRef = 47AA4D4019F536AD007C3961 /* MainMenu.xib */; };
		47AA4D4E19F536AD007C3961 /* BundleLoaderTests.m in Sources */ = {isa = PBXBuildFile; fileRef = 47AA4D4D19F536AD007C3961 /* BundleLoaderTests.m */; };
		47AA4D7319F536E9007C3961 /* Bundle.bundle in CopyFiles */ = {isa = PBXBuildFile; fileRef = 47AA4D6F19F536CB007C3961 /* Bundle.bundle */; settings = {ATTRIBUTES = (RemoveHeadersOnCopy, ); }; };
/* End PBXBuildFile section */

/* Begin PBXContainerItemProxy section */
		47AA4D4819F536AD007C3961 /* PBXContainerItemProxy */ = {
			isa = PBXContainerItemProxy;
			containerPortal = 47AA4D2C19F536AD007C3961 /* Project object */;
			proxyType = 1;
			remoteGlobalIDString = 47AA4D3319F536AD007C3961;
			remoteInfo = BundleLoader;
		};
		47AA4D6E19F536CB007C3961 /* PBXContainerItemProxy */ = {
			isa = PBXContainerItemProxy;
			containerPortal = 47AA4D6A19F536CA007C3961 /* Bundle.xcodeproj */;
			proxyType = 2;
			remoteGlobalIDString = 47AA4D6019F536CA007C3961;
			remoteInfo = Bundle;
		};
		47AA4D7019F536D9007C3961 /* PBXContainerItemProxy */ = {
			isa = PBXContainerItemProxy;
			containerPortal = 47AA4D6A19F536CA007C3961 /* Bundle.xcodeproj */;
			proxyType = 1;
			remoteGlobalIDString = 47AA4D5F19F536CA007C3961;
			remoteInfo = Bundle;
		};
/* End PBXContainerItemProxy section */

/* Begin PBXCopyFilesBuildPhase section */
		47AA4D7219F536DD007C3961 /* CopyFiles */ = {
			isa = PBXCopyFilesBuildPhase;
			buildActionMask = 2147483647;
			dstPath = "";
			dstSubfolderSpec = 13;
			files = (
				47AA4D7319F536E9007C3961 /* Bundle.bundle in CopyFiles */,
			);
			runOnlyForDeploymentPostprocessing = 0;
		};
/* End PBXCopyFilesBuildPhase section */

/* Begin PBXFileReference section */
		47AA4D3419F536AD007C3961 /* BundleLoader.app */ = {isa = PBXFileReference; explicitFileType = wrapper.application; includeInIndex = 0; path = BundleLoader.app; sourceTree = BUILT_PRODUCTS_DIR; };
		47AA4D3819F536AD007C3961 /* Info.plist */ = {isa = PBXFileReference; lastKnownFileType = text.plist.xml; path = Info.plist; sourceTree = "<group>"; };
		47AA4D3919F536AD007C3961 /* main.m */ = {isa = PBXFileReference; lastKnownFileType = sourcecode.c.objc; path = main.m; sourceTree = "<group>"; };
		47AA4D3B19F536AD007C3961 /* AppDelegate.h */ = {isa = PBXFileReference; lastKnownFileType = sourcecode.c.h; path = AppDelegate.h; sourceTree = "<group>"; };
		47AA4D3C19F536AD007C3961 /* AppDelegate.m */ = {isa = PBXFileReference; lastKnownFileType = sourcecode.c.objc; path = AppDelegate.m; sourceTree = "<group>"; };
		47AA4D3E19F536AD007C3961 /* Images.xcassets */ = {isa = PBXFileReference; lastKnownFileType = folder.assetcatalog; path = Images.xcassets; sourceTree = "<group>"; };
		47AA4D4119F536AD007C3961 /* Base */ = {isa = PBXFileReference; lastKnownFileType = file.xib; name = Base; path = Base.lproj/MainMenu.xib; sourceTree = "<group>"; };
		47AA4D4719F536AD007C3961 /* BundleLoaderTests.xctest */ = {isa = PBXFileReference; explicitFileType = wrapper.cfbundle; includeInIndex = 0; path = BundleLoaderTests.xctest; sourceTree = BUILT_PRODUCTS_DIR; };
		47AA4D4C19F536AD007C3961 /* Info.plist */ = {isa = PBXFileReference; lastKnownFileType = text.plist.xml; path = Info.plist; sourceTree = "<group>"; };
		47AA4D4D19F536AD007C3961 /* BundleLoaderTests.m */ = {isa = PBXFileReference; lastKnownFileType = sourcecode.c.objc; path = BundleLoaderTests.m; sourceTree = "<group>"; };
		47AA4D6A19F536CA007C3961 /* Bundle.xcodeproj */ = {isa = PBXFileReference; lastKnownFileType = "wrapper.pb-project"; name = Bundle.xcodeproj; path = Bundle/Bundle.xcodeproj; sourceTree = "<group>"; };
		47AA4D8019F53B9A007C3961 /* AppPluginProtocol.h */ = {isa = PBXFileReference; lastKnownFileType = sourcecode.c.h; path = AppPluginProtocol.h; sourceTree = "<group>"; };
/* End PBXFileReference section */

/* Begin PBXFrameworksBuildPhase section */
		47AA4D3119F536AD007C3961 /* Frameworks */ = {
			isa = PBXFrameworksBuildPhase;
			buildActionMask = 2147483647;
			files = (
			);
			runOnlyForDeploymentPostprocessing = 0;
		};
		47AA4D4419F536AD007C3961 /* Frameworks */ = {
			isa = PBXFrameworksBuildPhase;
			buildActionMask = 2147483647;
			files = (
			);
			runOnlyForDeploymentPostprocessing = 0;
		};
/* End PBXFrameworksBuildPhase section */

/* Begin PBXGroup section */
		47AA4D2B19F536AD007C3961 = {
			isa = PBXGroup;
			children = (
				47AA4D6A19F536CA007C3961 /* Bundle.xcodeproj */,
				47AA4D3619F536AD007C3961 /* BundleLoader */,
				47AA4D4A19F536AD007C3961 /* BundleLoaderTests */,
				47AA4D3519F536AD007C3961 /* Products */,
			);
			sourceTree = "<group>";
		};
		47AA4D3519F536AD007C3961 /* Products */ = {
			isa = PBXGroup;
			children = (
				47AA4D3419F536AD007C3961 /* BundleLoader.app */,
				47AA4D4719F536AD007C3961 /* BundleLoaderTests.xctest */,
			);
			name = Products;
			sourceTree = "<group>";
		};
		47AA4D3619F536AD007C3961 /* BundleLoader */ = {
			isa = PBXGroup;
			children = (
				47AA4D7F19F53B2B007C3961 /* Classes */,
				47AA4D3E19F536AD007C3961 /* Images.xcassets */,
				47AA4D4019F536AD007C3961 /* MainMenu.xib */,
				47AA4D3719F536AD007C3961 /* Supporting Files */,
			);
			path = BundleLoader;
			sourceTree = "<group>";
		};
		47AA4D3719F536AD007C3961 /* Supporting Files */ = {
			isa = PBXGroup;
			children = (
				47AA4D3819F536AD007C3961 /* Info.plist */,
				47AA4D3919F536AD007C3961 /* main.m */,
			);
			name = "Supporting Files";
			sourceTree = "<group>";
		};
		47AA4D4A19F536AD007C3961 /* BundleLoaderTests */ = {
			isa = PBXGroup;
			children = (
				47AA4D4D19F536AD007C3961 /* BundleLoaderTests.m */,
				47AA4D4B19F536AD007C3961 /* Supporting Files */,
			);
			path = BundleLoaderTests;
			sourceTree = "<group>";
		};
		47AA4D4B19F536AD007C3961 /* Supporting Files */ = {
			isa = PBXGroup;
			children = (
				47AA4D4C19F536AD007C3961 /* Info.plist */,
			);
			name = "Supporting Files";
			sourceTree = "<group>";
		};
		47AA4D6B19F536CA007C3961 /* Products */ = {
			isa = PBXGroup;
			children = (
				47AA4D6F19F536CB007C3961 /* Bundle.bundle */,
			);
			name = Products;
			sourceTree = "<group>";
		};
		47AA4D7F19F53B2B007C3961 /* Classes */ = {
			isa = PBXGroup;
			children = (
				47AA4D8019F53B9A007C3961 /* AppPluginProtocol.h */,
				47AA4D3B19F536AD007C3961 /* AppDelegate.h */,
				47AA4D3C19F536AD007C3961 /* AppDelegate.m */,
			);
			path = Classes;
			sourceTree = "<group>";
		};
/* End PBXGroup section */

/* Begin PBXNativeTarget section */
		47AA4D3319F536AD007C3961 /* BundleLoader */ = {
			isa = PBXNativeTarget;
			buildConfigurationList = 47AA4D5119F536AD007C3961 /* Build configuration list for PBXNativeTarget "BundleLoader" */;
			buildPhases = (
				47AA4D3019F536AD007C3961 /* Sources */,
				47AA4D3119F536AD007C3961 /* Frameworks */,
				47AA4D3219F536AD007C3961 /* Resources */,
				47AA4D7219F536DD007C3961 /* CopyFiles */,
			);
			buildRules = (
			);
			dependencies = (
				47AA4D7119F536D9007C3961 /* PBXTargetDependency */,
			);
			name = BundleLoader;
			productName = BundleLoader;
			productReference = 47AA4D3419F536AD007C3961 /* BundleLoader.app */;
			productType = "com.apple.product-type.application";
		};
		47AA4D4619F536AD007C3961 /* BundleLoaderTests */ = {
			isa = PBXNativeTarget;
			buildConfigurationList = 47AA4D5419F536AD007C3961 /* Build configuration list for PBXNativeTarget "BundleLoaderTests" */;
			buildPhases = (
				47AA4D4319F536AD007C3961 /* Sources */,
				47AA4D4419F536AD007C3961 /* Frameworks */,
				47AA4D4519F536AD007C3961 /* Resources */,
			);
			buildRules = (
			);
			dependencies = (
				47AA4D4919F536AD007C3961 /* PBXTargetDependency */,
			);
			name = BundleLoaderTests;
			productName = BundleLoaderTests;
			productReference = 47AA4D4719F536AD007C3961 /* BundleLoaderTests.xctest */;
			productType = "com.apple.product-type.bundle.unit-test";
		};
/* End PBXNativeTarget section */

/* Begin PBXProject section */
		47AA4D2C19F536AD007C3961 /* Project object */ = {
			isa = PBXProject;
			attributes = {
				LastUpgradeCheck = 0600;
				ORGANIZATIONNAME = "Simon Pascal Baur";
				TargetAttributes = {
					47AA4D3319F536AD007C3961 = {
						CreatedOnToolsVersion = 6.0.1;
					};
					47AA4D4619F536AD007C3961 = {
						CreatedOnToolsVersion = 6.0.1;
						TestTargetID = 47AA4D3319F536AD007C3961;
					};
				};
			};
			buildConfigurationList = 47AA4D2F19F536AD007C3961 /* Build configuration list for PBXProject "BundleLoader" */;
			compatibilityVersion = "Xcode 3.2";
			developmentRegion = English;
			hasScannedForEncodings = 0;
			knownRegions = (
				en,
				Base,
			);
			mainGroup = 47AA4D2B19F536AD007C3961;
			productRefGroup = 47AA4D3519F536AD007C3961 /* Products */;
			projectDirPath = "";
			projectReferences = (
				{
					ProductGroup = 47AA4D6B19F536CA007C3961 /* Products */;
					ProjectRef = 47AA4D6A19F536CA007C3961 /* Bundle.xcodeproj */;
				},
			);
			projectRoot = "";
			targets = (
				47AA4D3319F536AD007C3961 /* BundleLoader */,
				47AA4D4619F536AD007C3961 /* BundleLoaderTests */,
			);
		};
/* End PBXProject section */

/* Begin PBXReferenceProxy section */
		47AA4D6F19F536CB007C3961 /* Bundle.bundle */ = {
			isa = PBXReferenceProxy;
			fileType = wrapper.cfbundle;
			path = Bundle.bundle;
			remoteRef = 47AA4D6E19F536CB007C3961 /* PBXContainerItemProxy */;
			sourceTree = BUILT_PRODUCTS_DIR;
		};
/* End PBXReferenceProxy section */

/* Begin PBXResourcesBuildPhase section */
		47AA4D3219F536AD007C3961 /* Resources */ = {
			isa = PBXResourcesBuildPhase;
			buildActionMask = 2147483647;
			files = (
				47AA4D3F19F536AD007C3961 /* Images.xcassets in Resources */,
				47AA4D4219F536AD007C3961 /* MainMenu.xib in Resources */,
			);
			runOnlyForDeploymentPostprocessing = 0;
		};
		47AA4D4519F536AD007C3961 /* Resources */ = {
			isa = PBXResourcesBuildPhase;
			buildActionMask = 2147483647;
			files = (
			);
			runOnlyForDeploymentPostprocessing = 0;
		};
/* End PBXResourcesBuildPhase section */

/* Begin PBXSourcesBuildPhase section */
		47AA4D3019F536AD007C3961 /* Sources */ = {
			isa = PBXSourcesBuildPhase;
			buildActionMask = 2147483647;
			files = (
				47AA4D3D19F536AD007C3961 /* AppDelegate.m in Sources */,
				47AA4D3A19F536AD007C3961 /* main.m in Sources */,
			);
			runOnlyForDeploymentPostprocessing = 0;
		};
		47AA4D4319F536AD007C3961 /* Sources */ = {
			isa = PBXSourcesBuildPhase;
			buildActionMask = 2147483647;
			files = (
				47AA4D4E19F536AD007C3961 /* BundleLoaderTests.m in Sources */,
			);
			runOnlyForDeploymentPostprocessing = 0;
		};
/* End PBXSourcesBuildPhase section */

/* Begin PBXTargetDependency section */
		47AA4D4919F536AD007C3961 /* PBXTargetDependency */ = {
			isa = PBXTargetDependency;
			target = 47AA4D3319F536AD007C3961 /* BundleLoader */;
			targetProxy = 47AA4D4819F536AD007C3961 /* PBXContainerItemProxy */;
		};
		47AA4D7119F536D9007C3961 /* PBXTargetDependency */ = {
			isa = PBXTargetDependency;
			name = Bundle;
			targetProxy = 47AA4D7019F536D9007C3961 /* PBXContainerItemProxy */;
		};
/* End PBXTargetDependency section */

/* Begin PBXVariantGroup section */
		47AA4D4019F536AD007C3961 /* MainMenu.xib */ = {
			isa = PBXVariantGroup;
			children = (
				47AA4D4119F536AD007C3961 /* Base */,
			);
			name = MainMenu.xib;
			sourceTree = "<group>";
		};
/* End PBXVariantGroup section */

/* Begin XCBuildConfiguration section */
		47AA4D4F19F536AD007C3961 /* Debug */ = {
			isa = XCBuildConfiguration;
			buildSettings = {
				ALWAYS_SEARCH_USER_PATHS = NO;
				CLANG_CXX_LANGUAGE_STANDARD = "gnu++0x";
				CLANG_CXX_LIBRARY = "libc++";
				CLANG_ENABLE_MODULES = YES;
				CLANG_ENABLE_OBJC_ARC = YES;
				CLANG_WARN_BOOL_CONVERSION = YES;
				CLANG_WARN_CONSTANT_CONVERSION = YES;
				CLANG_WARN_DIRECT_OBJC_ISA_USAGE = YES_ERROR;
				CLANG_WARN_EMPTY_BODY = YES;
				CLANG_WARN_ENUM_CONVERSION = YES;
				CLANG_WARN_INT_CONVERSION = YES;
				CLANG_WARN_OBJC_ROOT_CLASS = YES_ERROR;
				CLANG_WARN_UNREACHABLE_CODE = YES;
				CLANG_WARN__DUPLICATE_METHOD_MATCH = YES;
				CODE_SIGN_IDENTITY = "-";
				COPY_PHASE_STRIP = NO;
				ENABLE_STRICT_OBJC_MSGSEND = YES;
				GCC_C_LANGUAGE_STANDARD = gnu99;
				GCC_DYNAMIC_NO_PIC = NO;
				GCC_OPTIMIZATION_LEVEL = 0;
				GCC_PREPROCESSOR_DEFINITIONS = (
					"DEBUG=1",
					"$(inherited)",
				);
				GCC_SYMBOLS_PRIVATE_EXTERN = NO;
				GCC_WARN_64_TO_32_BIT_CONVERSION = YES;
				GCC_WARN_ABOUT_RETURN_TYPE = YES_ERROR;
				GCC_WARN_UNDECLARED_SELECTOR = YES;
				GCC_WARN_UNINITIALIZED_AUTOS = YES_AGGRESSIVE;
				GCC_WARN_UNUSED_FUNCTION = YES;
				GCC_WARN_UNUSED_VARIABLE = YES;
				MACOSX_DEPLOYMENT_TARGET = 10.9;
				MTL_ENABLE_DEBUG_INFO = YES;
				ONLY_ACTIVE_ARCH = YES;
				SDKROOT = macosx;
			};
			name = Debug;
		};
		47AA4D5019F536AD007C3961 /* Release */ = {
			isa = XCBuildConfiguration;
			buildSettings = {
				ALWAYS_SEARCH_USER_PATHS = NO;
				CLANG_CXX_LANGUAGE_STANDARD = "gnu++0x";
				CLANG_CXX_LIBRARY = "libc++";
				CLANG_ENABLE_MODULES = YES;
				CLANG_ENABLE_OBJC_ARC = YES;
				CLANG_WARN_BOOL_CONVERSION = YES;
				CLANG_WARN_CONSTANT_CONVERSION = YES;
				CLANG_WARN_DIRECT_OBJC_ISA_USAGE = YES_ERROR;
				CLANG_WARN_EMPTY_BODY = YES;
				CLANG_WARN_ENUM_CONVERSION = YES;
				CLANG_WARN_INT_CONVERSION = YES;
				CLANG_WARN_OBJC_ROOT_CLASS = YES_ERROR;
				CLANG_WARN_UNREACHABLE_CODE = YES;
				CLANG_WARN__DUPLICATE_METHOD_MATCH = YES;
				CODE_SIGN_IDENTITY = "-";
				COPY_PHASE_STRIP = YES;
				DEBUG_INFORMATION_FORMAT = "dwarf-with-dsym";
				ENABLE_NS_ASSERTIONS = NO;
				ENABLE_STRICT_OBJC_MSGSEND = YES;
				GCC_C_LANGUAGE_STANDARD = gnu99;
				GCC_WARN_64_TO_32_BIT_CONVERSION = YES;
				GCC_WARN_ABOUT_RETURN_TYPE = YES_ERROR;
				GCC_WARN_UNDECLARED_SELECTOR = YES;
				GCC_WARN_UNINITIALIZED_AUTOS = YES_AGGRESSIVE;
				GCC_WARN_UNUSED_FUNCTION = YES;
				GCC_WARN_UNUSED_VARIABLE = YES;
				MACOSX_DEPLOYMENT_TARGET = 10.9;
				MTL_ENABLE_DEBUG_INFO = NO;
				SDKROOT = macosx;
			};
			name = Release;
		};
		47AA4D5219F536AD007C3961 /* Debug */ = {
			isa = XCBuildConfiguration;
			buildSettings = {
				ASSETCATALOG_COMPILER_APPICON_NAME = AppIcon;
				CODE_SIGN_IDENTITY = "";
				COMBINE_HIDPI_IMAGES = YES;
				INFOPLIST_FILE = BundleLoader/Info.plist;
				LD_RUNPATH_SEARCH_PATHS = "$(inherited) @executable_path/../Frameworks";
				PRODUCT_NAME = "$(TARGET_NAME)";
			};
			name = Debug;
		};
		47AA4D5319F536AD007C3961 /* Release */ = {
			isa = XCBuildConfiguration;
			buildSettings = {
				ASSETCATALOG_COMPILER_APPICON_NAME = AppIcon;
				CODE_SIGN_IDENTITY = "";
				COMBINE_HIDPI_IMAGES = YES;
				INFOPLIST_FILE = BundleLoader/Info.plist;
				LD_RUNPATH_SEARCH_PATHS = "$(inherited) @executable_path/../Frameworks";
				PRODUCT_NAME = "$(TARGET_NAME)";
			};
			name = Release;
		};
		47AA4D5519F536AD007C3961 /* Debug */ = {
			isa = XCBuildConfiguration;
			buildSettings = {
				BUNDLE_LOADER = "$(TEST_HOST)";
				COMBINE_HIDPI_IMAGES = YES;
				FRAMEWORK_SEARCH_PATHS = (
					"$(DEVELOPER_FRAMEWORKS_DIR)",
					"$(inherited)",
				);
				GCC_PREPROCESSOR_DEFINITIONS = (
					"DEBUG=1",
					"$(inherited)",
				);
				INFOPLIST_FILE = BundleLoaderTests/Info.plist;
				LD_RUNPATH_SEARCH_PATHS = "$(inherited) @executable_path/../Frameworks @loader_path/../Frameworks";
				PRODUCT_NAME = "$(TARGET_NAME)";
				TEST_HOST = "$(BUILT_PRODUCTS_DIR)/BundleLoader.app/Contents/MacOS/BundleLoader";
			};
			name = Debug;
		};
		47AA4D5619F536AD007C3961 /* Release */ = {
			isa = XCBuildConfiguration;
			buildSettings = {
				BUNDLE_LOADER = "$(TEST_HOST)";
				COMBINE_HIDPI_IMAGES = YES;
				FRAMEWORK_SEARCH_PATHS = (
					"$(DEVELOPER_FRAMEWORKS_DIR)",
					"$(inherited)",
				);
				INFOPLIST_FILE = BundleLoaderTests/Info.plist;
				LD_RUNPATH_SEARCH_PATHS = "$(inherited) @executable_path/../Frameworks @loader_path/../Frameworks";
				PRODUCT_NAME = "$(TARGET_NAME)";
				TEST_HOST = "$(BUILT_PRODUCTS_DIR)/BundleLoader.app/Contents/MacOS/BundleLoader";
			};
			name = Release;
		};
/* End XCBuildConfiguration section */

/* Begin XCConfigurationList section */
		47AA4D2F19F536AD007C3961 /* Build configuration list for PBXProject "BundleLoader" */ = {
			isa = XCConfigurationList;
			buildConfigurations = (
				47AA4D4F19F536AD007C3961 /* Debug */,
				47AA4D5019F536AD007C3961 /* Release */,
			);
			defaultConfigurationIsVisible = 0;
			defaultConfigurationName = Release;
		};
		47AA4D5119F536AD007C3961 /* Build configuration list for PBXNativeTarget "BundleLoader" */ = {
			isa = XCConfigurationList;
			buildConfigurations = (
				47AA4D5219F536AD007C3961 /* Debug */,
				47AA4D5319F536AD007C3961 /* Release */,
			);
			defaultConfigurationIsVisible = 0;
		};
		47AA4D5419F536AD007C3961 /* Build configuration list for PBXNativeTarget "BundleLoaderTests" */ = {
			isa = XCConfigurationList;
			buildConfigurations = (
				47AA4D5519F536AD007C3961 /* Debug */,
				47AA4D5619F536AD007C3961 /* Release */,
			);
			defaultConfigurationIsVisible = 0;
		};
/* End XCConfigurationList section */
	};
	rootObject = 47AA4D2C19F536AD007C3961 /* Project object */;
}
